
Microsoft Visual Studio Solution File, Format Version 12.00
# Visual Studio Version 17
VisualStudioVersion = 17.9.34607.119
MinimumVisualStudioVersion = 10.0.40219.1
Project("{9A19103F-16F7-4668-BE54-9A1E7A4F7556}") = "S1_HW_1", "S1_HW_1\S1_HW_1.csproj", "{A161E0F5-669D-4360-9B9E-7C143C2269E6}"
EndProject
Project("{9A19103F-16F7-4668-BE54-9A1E7A4F7556}") = "S1_HW_2", "S1_HW_2\S1_HW_2.csproj", "{E3D96C7F-5951-49FD-AE66-94C4DB3122A9}"
EndProject
Project("{9A19103F-16F7-4668-BE54-9A1E7A4F7556}") = "S2_HW1", "S2_HW1\S2_HW1.csproj", "{47248AF5-E6F8-4A9B-B44A-EFC5BABC7CC5}"
EndProject
Project("{9A19103F-16F7-4668-BE54-9A1E7A4F7556}") = "S2_HW2", "S2_HW2\S2_HW2.csproj", "{CBBC6504-770C-44F2-91E9-343FCC174D8C}"
EndProject
Project("{9A19103F-16F7-4668-BE54-9A1E7A4F7556}") = "S2_HW3", "S2_HW3\S2_HW3.csproj", "{DF8B42CB-6AA4-4E2A-A9E0-426FF24735A0}"
EndProject
Project("{9A19103F-16F7-4668-BE54-9A1E7A4F7556}") = "S2_HW4", "S2_HW4\S2_HW4.csproj", "{5FEB2A1B-8C4A-4BCC-B1AC-712587D89962}"
EndProject
Project("{9A19103F-16F7-4668-BE54-9A1E7A4F7556}") = "S2_HW5", "S2_HW5\S2_HW5.csproj", "{48936338-2D2D-4946-82D6-30E4CB6C504A}"
EndProject
Project("{9A19103F-16F7-4668-BE54-9A1E7A4F7556}") = "S2_HW6", "S2_HW6\S2_HW6.csproj", "{98F6078F-65A4-45C6-B3DD-B14DA27125C3}"
EndProject
Project("{9A19103F-16F7-4668-BE54-9A1E7A4F7556}") = "S2_HW7", "S2_HW7\S2_HW7.csproj", "{317A1F48-0DB1-4D14-8156-9D6DF8FF8D7D}"
EndProject
Project("{9A19103F-16F7-4668-BE54-9A1E7A4F7556}") = "S2_HW8", "S2_HW8\S2_HW8.csproj", "{6B1A985E-98A6-4F28-ADA2-EE4CFF6AE81E}"
EndProject
Project("{9A19103F-16F7-4668-BE54-9A1E7A4F7556}") = "S2_HW9", "S2_HW9\S2_HW9.csproj", "{DADA9FD6-C575-4193-9A18-6BD2727465B8}"
EndProject
Project("{9A19103F-16F7-4668-BE54-9A1E7A4F7556}") = "S3_HW1", "S3_HW1\S3_HW1.csproj", "{F44C2A12-EFED-47D6-91B8-D13F69C14900}"
EndProject
Project("{9A19103F-16F7-4668-BE54-9A1E7A4F7556}") = "S3_HW2", "S3_HW2\S3_HW2.csproj", "{43CE367E-F688-4D04-875E-45EB1C869D20}"
EndProject
Global
	GlobalSection(SolutionConfigurationPlatforms) = preSolution
		Debug|Any CPU = Debug|Any CPU
		Release|Any CPU = Release|Any CPU
	EndGlobalSection
	GlobalSection(ProjectConfigurationPlatforms) = postSolution
		{A161E0F5-669D-4360-9B9E-7C143C2269E6}.Debug|Any CPU.ActiveCfg = Debug|Any CPU
		{A161E0F5-669D-4360-9B9E-7C143C2269E6}.Debug|Any CPU.Build.0 = Debug|Any CPU
		{A161E0F5-669D-4360-9B9E-7C143C2269E6}.Release|Any CPU.ActiveCfg = Release|Any CPU
		{A161E0F5-669D-4360-9B9E-7C143C2269E6}.Release|Any CPU.Build.0 = Release|Any CPU
		{E3D96C7F-5951-49FD-AE66-94C4DB3122A9}.Debug|Any CPU.ActiveCfg = Debug|Any CPU
		{E3D96C7F-5951-49FD-AE66-94C4DB3122A9}.Debug|Any CPU.Build.0 = Debug|Any CPU
		{E3D96C7F-5951-49FD-AE66-94C4DB3122A9}.Release|Any CPU.ActiveCfg = Release|Any CPU
		{E3D96C7F-5951-49FD-AE66-94C4DB3122A9}.Release|Any CPU.Build.0 = Release|Any CPU
		{47248AF5-E6F8-4A9B-B44A-EFC5BABC7CC5}.Debug|Any CPU.ActiveCfg = Debug|Any CPU
		{47248AF5-E6F8-4A9B-B44A-EFC5BABC7CC5}.Debug|Any CPU.Build.0 = Debug|Any CPU
		{47248AF5-E6F8-4A9B-B44A-EFC5BABC7CC5}.Release|Any CPU.ActiveCfg = Release|Any CPU
		{47248AF5-E6F8-4A9B-B44A-EFC5BABC7CC5}.Release|Any CPU.Build.0 = Release|Any CPU
		{CBBC6504-770C-44F2-91E9-343FCC174D8C}.Debug|Any CPU.ActiveCfg = Debug|Any CPU
		{CBBC6504-770C-44F2-91E9-343FCC174D8C}.Debug|Any CPU.Build.0 = Debug|Any CPU
		{CBBC6504-770C-44F2-91E9-343FCC174D8C}.Release|Any CPU.ActiveCfg = Release|Any CPU
		{CBBC6504-770C-44F2-91E9-343FCC174D8C}.Release|Any CPU.Build.0 = Release|Any CPU
		{DF8B42CB-6AA4-4E2A-A9E0-426FF24735A0}.Debug|Any CPU.ActiveCfg = Debug|Any CPU
		{DF8B42CB-6AA4-4E2A-A9E0-426FF24735A0}.Debug|Any CPU.Build.0 = Debug|Any CPU
		{DF8B42CB-6AA4-4E2A-A9E0-426FF24735A0}.Release|Any CPU.ActiveCfg = Release|Any CPU
		{DF8B42CB-6AA4-4E2A-A9E0-426FF24735A0}.Release|Any CPU.Build.0 = Release|Any CPU
		{5FEB2A1B-8C4A-4BCC-B1AC-712587D89962}.Debug|Any CPU.ActiveCfg = Debug|Any CPU
		{5FEB2A1B-8C4A-4BCC-B1AC-712587D89962}.Debug|Any CPU.Build.0 = Debug|Any CPU
		{5FEB2A1B-8C4A-4BCC-B1AC-712587D89962}.Release|Any CPU.ActiveCfg = Release|Any CPU
		{5FEB2A1B-8C4A-4BCC-B1AC-712587D89962}.Release|Any CPU.Build.0 = Release|Any CPU
		{48936338-2D2D-4946-82D6-30E4CB6C504A}.Debug|Any CPU.ActiveCfg = Debug|Any CPU
		{48936338-2D2D-4946-82D6-30E4CB6C504A}.Debug|Any CPU.Build.0 = Debug|Any CPU
		{48936338-2D2D-4946-82D6-30E4CB6C504A}.Release|Any CPU.ActiveCfg = Release|Any CPU
		{48936338-2D2D-4946-82D6-30E4CB6C504A}.Release|Any CPU.Build.0 = Release|Any CPU
		{98F6078F-65A4-45C6-B3DD-B14DA27125C3}.Debug|Any CPU.ActiveCfg = Debug|Any CPU
		{98F6078F-65A4-45C6-B3DD-B14DA27125C3}.Debug|Any CPU.Build.0 = Debug|Any CPU
		{98F6078F-65A4-45C6-B3DD-B14DA27125C3}.Release|Any CPU.ActiveCfg = Release|Any CPU
		{98F6078F-65A4-45C6-B3DD-B14DA27125C3}.Release|Any CPU.Build.0 = Release|Any CPU
		{317A1F48-0DB1-4D14-8156-9D6DF8FF8D7D}.Debug|Any CPU.ActiveCfg = Debug|Any CPU
		{317A1F48-0DB1-4D14-8156-9D6DF8FF8D7D}.Debug|Any CPU.Build.0 = Debug|Any CPU
		{317A1F48-0DB1-4D14-8156-9D6DF8FF8D7D}.Release|Any CPU.ActiveCfg = Release|Any CPU
		{317A1F48-0DB1-4D14-8156-9D6DF8FF8D7D}.Release|Any CPU.Build.0 = Release|Any CPU
		{6B1A985E-98A6-4F28-ADA2-EE4CFF6AE81E}.Debug|Any CPU.ActiveCfg = Debug|Any CPU
		{6B1A985E-98A6-4F28-ADA2-EE4CFF6AE81E}.Debug|Any CPU.Build.0 = Debug|Any CPU
		{6B1A985E-98A6-4F28-ADA2-EE4CFF6AE81E}.Release|Any CPU.ActiveCfg = Release|Any CPU
		{6B1A985E-98A6-4F28-ADA2-EE4CFF6AE81E}.Release|Any CPU.Build.0 = Release|Any CPU
		{DADA9FD6-C575-4193-9A18-6BD2727465B8}.Debug|Any CPU.ActiveCfg = Debug|Any CPU
		{DADA9FD6-C575-4193-9A18-6BD2727465B8}.Debug|Any CPU.Build.0 = Debug|Any CPU
		{DADA9FD6-C575-4193-9A18-6BD2727465B8}.Release|Any CPU.ActiveCfg = Release|Any CPU
		{DADA9FD6-C575-4193-9A18-6BD2727465B8}.Release|Any CPU.Build.0 = Release|Any CPU
		{F44C2A12-EFED-47D6-91B8-D13F69C14900}.Debug|Any CPU.ActiveCfg = Debug|Any CPU
		{F44C2A12-EFED-47D6-91B8-D13F69C14900}.Debug|Any CPU.Build.0 = Debug|Any CPU
		{F44C2A12-EFED-47D6-91B8-D13F69C14900}.Release|Any CPU.ActiveCfg = Release|Any CPU
		{F44C2A12-EFED-47D6-91B8-D13F69C14900}.Release|Any CPU.Build.0 = Release|Any CPU
		{43CE367E-F688-4D04-875E-45EB1C869D20}.Debug|Any CPU.ActiveCfg = Debug|Any CPU
		{43CE367E-F688-4D04-875E-45EB1C869D20}.Debug|Any CPU.Build.0 = Debug|Any CPU
		{43CE367E-F688-4D04-875E-45EB1C869D20}.Release|Any CPU.ActiveCfg = Release|Any CPU
		{43CE367E-F688-4D04-875E-45EB1C869D20}.Release|Any CPU.Build.0 = Release|Any CPU
	EndGlobalSection
	GlobalSection(SolutionProperties) = preSolution
		HideSolutionNode = FALSE
	EndGlobalSection
	GlobalSection(ExtensibilityGlobals) = postSolution
		SolutionGuid = {562CB677-A26D-4137-8937-5D6E1453979E}
	EndGlobalSection
EndGlobal
